
Microsoft Visual Studio Solution File, Format Version 12.00
# Visual Studio Version 17
VisualStudioVersion = 17.14.36518.9 d17.14
MinimumVisualStudioVersion = 10.0.40219.1
Project("{FAE04EC0-301F-11D3-BF4B-00C04F79EFBC}") = "exercicio_1", "exercicio_1.csproj", "{E24C05D1-7A55-4F73-BC64-E7E959D12120}"
EndProject
Global
	GlobalSection(SolutionConfigurationPlatforms) = preSolution
		Debug|Any CPU = Debug|Any CPU
		Release|Any CPU = Release|Any CPU
	EndGlobalSection
	GlobalSection(ProjectConfigurationPlatforms) = postSolution
		{E24C05D1-7A55-4F73-BC64-E7E959D12120}.Debug|Any CPU.ActiveCfg = Debug|Any CPU
		{E24C05D1-7A55-4F73-BC64-E7E959D12120}.Debug|Any CPU.Build.0 = Debug|Any CPU
		{E24C05D1-7A55-4F73-BC64-E7E959D12120}.Release|Any CPU.ActiveCfg = Release|Any CPU
		{E24C05D1-7A55-4F73-BC64-E7E959D12120}.Release|Any CPU.Build.0 = Release|Any CPU
	EndGlobalSection
	GlobalSection(SolutionProperties) = preSolution
		HideSolutionNode = FALSE
	EndGlobalSection
	GlobalSection(ExtensibilityGlobals) = postSolution
		SolutionGuid = {EAC667FF-11A5-4442-ABC2-8AB546915354}
	EndGlobalSection
EndGlobal
